// !$*UTF8*$!
{
	archiveVersion = 1;
	classes = {
	};
	objectVersion = 46;
	objects = {

/* Begin PBXBuildFile section */
		8549E8071E011BCB009789B8 /* main.m in Sources */ = {isa = PBXBuildFile; fileRef = 8549E8061E011BCB009789B8 /* main.m */; };
		8549E80A1E011BCB009789B8 /* AppDelegate.m in Sources */ = {isa = PBXBuildFile; fileRef = 8549E8091E011BCB009789B8 /* AppDelegate.m */; };
		8549E80D1E011BCB009789B8 /* ViewController.m in Sources */ = {isa = PBXBuildFile; fileRef = 8549E80C1E011BCB009789B8 /* ViewController.m */; };
		8549E8101E011BCB009789B8 /* Main.storyboard in Resources */ = {isa = PBXBuildFile; fileRef = 8549E80E1E011BCB009789B8 /* Main.storyboard */; };
		8549E8121E011BCB009789B8 /* Assets.xcassets in Resources */ = {isa = PBXBuildFile; fileRef = 8549E8111E011BCB009789B8 /* Assets.xcassets */; };
		8549E8151E011BCB009789B8 /* LaunchScreen.storyboard in Resources */ = {isa = PBXBuildFile; fileRef = 8549E8131E011BCB009789B8 /* LaunchScreen.storyboard */; };
		8549E81C1E011C02009789B8 /* DLPlayerView.m in Sources */ = {isa = PBXBuildFile; fileRef = 8549E81B1E011C02009789B8 /* DLPlayerView.m */; };
/* End PBXBuildFile section */

/* Begin PBXFileReference section */
		8549E8021E011BCB009789B8 /* DLPlayerExample.app */ = {isa = PBXFileReference; explicitFileType = wrapper.application; includeInIndex = 0; path = DLPlayerExample.app; sourceTree = BUILT_PRODUCTS_DIR; };
		8549E8061E011BCB009789B8 /* main.m */ = {isa = PBXFileReference; lastKnownFileType = sourcecode.c.objc; path = main.m; sourceTree = "<group>"; };
		8549E8081E011BCB009789B8 /* AppDelegate.h */ = {isa = PBXFileReference; lastKnownFileType = sourcecode.c.h; path = AppDelegate.h; sourceTree = "<group>"; };
		8549E8091E011BCB009789B8 /* AppDelegate.m */ = {isa = PBXFileReference; lastKnownFileType = sourcecode.c.objc; path = AppDelegate.m; sourceTree = "<group>"; };
		8549E80B1E011BCB009789B8 /* ViewController.h */ = {isa = PBXFileReference; lastKnownFileType = sourcecode.c.h; path = ViewController.h; sourceTree = "<group>"; };
		8549E80C1E011BCB009789B8 /* ViewController.m */ = {isa = PBXFileReference; lastKnownFileType = sourcecode.c.objc; path = ViewController.m; sourceTree = "<group>"; };
		8549E80F1E011BCB009789B8 /* Base */ = {isa = PBXFileReference; lastKnownFileType = file.storyboard; name = Base; path = Base.lproj/Main.storyboard; sourceTree = "<group>"; };
		8549E8111E011BCB009789B8 /* Assets.xcassets */ = {isa = PBXFileReference; lastKnownFileType = folder.assetcatalog; path = Assets.xcassets; sourceTree = "<group>"; };
		8549E8141E011BCB009789B8 /* Base */ = {isa = PBXFileReference; lastKnownFileType = file.storyboard; name = Base; path = Base.lproj/LaunchScreen.storyboard; sourceTree = "<group>"; };
		8549E8161E011BCB009789B8 /* Info.plist */ = {isa = PBXFileReference; lastKnownFileType = text.plist.xml; path = Info.plist; sourceTree = "<group>"; };
		8549E81A1E011C02009789B8 /* DLPlayerView.h */ = {isa = PBXFileReference; fileEncoding = 4; lastKnownFileType = sourcecode.c.h; path = DLPlayerView.h; sourceTree = "<group>"; };
		8549E81B1E011C02009789B8 /* DLPlayerView.m */ = {isa = PBXFileReference; fileEncoding = 4; lastKnownFileType = sourcecode.c.objc; path = DLPlayerView.m; sourceTree = "<group>"; };
/* End PBXFileReference section */

/* Begin PBXFrameworksBuildPhase section */
		8549E7FF1E011BCB009789B8 /* Frameworks */ = {
			isa = PBXFrameworksBuildPhase;
			buildActionMask = 2147483647;
			files = (
			);
			runOnlyForDeploymentPostprocessing = 0;
		};
/* End PBXFrameworksBuildPhase section */

/* Begin PBXGroup section */
		8549E7D31E011B63009789B8 = {
			isa = PBXGroup;
			children = (
				8549E7DA1E011B77009789B8 /* DLPlayer */,
				8549E8041E011BCB009789B8 /* DLPlayerExample */,
				8549E8031E011BCB009789B8 /* Products */,
			);
			sourceTree = "<group>";
		};
		8549E7DA1E011B77009789B8 /* DLPlayer */ = {
			isa = PBXGroup;
			children = (
				8549E81A1E011C02009789B8 /* DLPlayerView.h */,
				8549E81B1E011C02009789B8 /* DLPlayerView.m */,
			);
			path = DLPlayer;
			sourceTree = "<group>";
		};
		8549E8031E011BCB009789B8 /* Products */ = {
			isa = PBXGroup;
			children = (
				8549E8021E011BCB009789B8 /* DLPlayerExample.app */,
			);
			name = Products;
			sourceTree = "<group>";
		};
		8549E8041E011BCB009789B8 /* DLPlayerExample */ = {
			isa = PBXGroup;
			children = (
				8549E8081E011BCB009789B8 /* AppDelegate.h */,
				8549E8091E011BCB009789B8 /* AppDelegate.m */,
				8549E80B1E011BCB009789B8 /* ViewController.h */,
				8549E80C1E011BCB009789B8 /* ViewController.m */,
				8549E80E1E011BCB009789B8 /* Main.storyboard */,
				8549E8111E011BCB009789B8 /* Assets.xcassets */,
				8549E8131E011BCB009789B8 /* LaunchScreen.storyboard */,
				8549E8161E011BCB009789B8 /* Info.plist */,
				8549E8051E011BCB009789B8 /* Supporting Files */,
			);
			path = DLPlayerExample;
			sourceTree = "<group>";
		};
		8549E8051E011BCB009789B8 /* Supporting Files */ = {
			isa = PBXGroup;
			children = (
				8549E8061E011BCB009789B8 /* main.m */,
			);
			name = "Supporting Files";
			sourceTree = "<group>";
		};
/* End PBXGroup section */

/* Begin PBXNativeTarget section */
		8549E8011E011BCB009789B8 /* DLPlayerExample */ = {
			isa = PBXNativeTarget;
			buildConfigurationList = 8549E8171E011BCB009789B8 /* Build configuration list for PBXNativeTarget "DLPlayerExample" */;
			buildPhases = (
				8549E7FE1E011BCB009789B8 /* Sources */,
				8549E7FF1E011BCB009789B8 /* Frameworks */,
				8549E8001E011BCB009789B8 /* Resources */,
			);
			buildRules = (
			);
			dependencies = (
			);
			name = DLPlayerExample;
			productName = DLPlayerExample;
			productReference = 8549E8021E011BCB009789B8 /* DLPlayerExample.app */;
			productType = "com.apple.product-type.application";
		};
/* End PBXNativeTarget section */

/* Begin PBXProject section */
		8549E7D41E011B63009789B8 /* Project object */ = {
			isa = PBXProject;
			attributes = {
				LastUpgradeCheck = 0810;
				TargetAttributes = {
					8549E8011E011BCB009789B8 = {
						CreatedOnToolsVersion = 8.1;
						ProvisioningStyle = Automatic;
					};
				};
			};
			buildConfigurationList = 8549E7D71E011B63009789B8 /* Build configuration list for PBXProject "DLPlayer" */;
			compatibilityVersion = "Xcode 3.2";
			developmentRegion = English;
			hasScannedForEncodings = 0;
			knownRegions = (
				en,
				Base,
			);
			mainGroup = 8549E7D31E011B63009789B8;
			productRefGroup = 8549E8031E011BCB009789B8 /* Products */;
			projectDirPath = "";
			projectRoot = "";
			targets = (
				8549E8011E011BCB009789B8 /* DLPlayerExample */,
			);
		};
/* End PBXProject section */

/* Begin PBXResourcesBuildPhase section */
		8549E8001E011BCB009789B8 /* Resources */ = {
			isa = PBXResourcesBuildPhase;
			buildActionMask = 2147483647;
			files = (
				8549E8151E011BCB009789B8 /* LaunchScreen.storyboard in Resources */,
				8549E8121E011BCB009789B8 /* Assets.xcassets in Resources */,
				8549E8101E011BCB009789B8 /* Main.storyboard in Resources */,
			);
			runOnlyForDeploymentPostprocessing = 0;
		};
/* End PBXResourcesBuildPhase section */

/* Begin PBXSourcesBuildPhase section */
		8549E7FE1E011BCB009789B8 /* Sources */ = {
			isa = PBXSourcesBuildPhase;
			buildActionMask = 2147483647;
			files = (
				8549E80D1E011BCB009789B8 /* ViewController.m in Sources */,
				8549E81C1E011C02009789B8 /* DLPlayerView.m in Sources */,
				8549E80A1E011BCB009789B8 /* AppDelegate.m in Sources */,
				8549E8071E011BCB009789B8 /* main.m in Sources */,
			);
			runOnlyForDeploymentPostprocessing = 0;
		};
/* End PBXSourcesBuildPhase section */

/* Begin PBXVariantGroup section */
		8549E80E1E011BCB009789B8 /* Main.storyboard */ = {
			isa = PBXVariantGroup;
			children = (
				8549E80F1E011BCB009789B8 /* Base */,
			);
			name = Main.storyboard;
			sourceTree = "<group>";
		};
		8549E8131E011BCB009789B8 /* LaunchScreen.storyboard */ = {
			isa = PBXVariantGroup;
			children = (
				8549E8141E011BCB009789B8 /* Base */,
			);
			name = LaunchScreen.storyboard;
			sourceTree = "<group>";
		};
/* End PBXVariantGroup section */

/* Begin XCBuildConfiguration section */
		8549E7D81E011B63009789B8 /* Debug */ = {
			isa = XCBuildConfiguration;
			buildSettings = {
			};
			name = Debug;
		};
		8549E7D91E011B63009789B8 /* Release */ = {
			isa = XCBuildConfiguration;
			buildSettings = {
			};
			name = Release;
		};
		8549E8181E011BCB009789B8 /* Debug */ = {
			isa = XCBuildConfiguration;
			buildSettings = {
				ALWAYS_SEARCH_USER_PATHS = NO;
				ASSETCATALOG_COMPILER_APPICON_NAME = AppIcon;
				CLANG_ANALYZER_NONNULL = YES;
				CLANG_CXX_LANGUAGE_STANDARD = "gnu++0x";
				CLANG_CXX_LIBRARY = "libc++";
				CLANG_ENABLE_MODULES = YES;
				CLANG_ENABLE_OBJC_ARC = YES;
				CLANG_WARN_BOOL_CONVERSION = YES;
				CLANG_WARN_CONSTANT_CONVERSION = YES;
				CLANG_WARN_DIRECT_OBJC_ISA_USAGE = YES_ERROR;
				CLANG_WARN_DOCUMENTATION_COMMENTS = YES;
				CLANG_WARN_EMPTY_BODY = YES;
				CLANG_WARN_ENUM_CONVERSION = YES;
				CLANG_WARN_INFINITE_RECURSION = YES;
				CLANG_WARN_INT_CONVERSION = YES;
				CLANG_WARN_OBJC_ROOT_CLASS = YES_ERROR;
				CLANG_WARN_SUSPICIOUS_MOVES = YES;
				CLANG_WARN_UNREACHABLE_CODE = YES;
				CLANG_WARN__DUPLICATE_METHOD_MATCH = YES;
				"CODE_SIGN_IDENTITY[sdk=iphoneos*]" = "iPhone Developer";
				COPY_PHASE_STRIP = NO;
				DEBUG_INFORMATION_FORMAT = dwarf;
				ENABLE_STRICT_OBJC_MSGSEND = YES;
				ENABLE_TESTABILITY = YES;
				GCC_C_LANGUAGE_STANDARD = gnu99;
				GCC_DYNAMIC_NO_PIC = NO;
				GCC_NO_COMMON_BLOCKS = YES;
				GCC_OPTIMIZATION_LEVEL = 0;
				GCC_PREPROCESSOR_DEFINITIONS = (
					"DEBUG=1",
					"$(inherited)",
				);
				GCC_WARN_64_TO_32_BIT_CONVERSION = YES;
				GCC_WARN_ABOUT_RETURN_TYPE = YES_ERROR;
				GCC_WARN_UNDECLARED_SELECTOR = YES;
				GCC_WARN_UNINITIALIZED_AUTOS = YES_AGGRESSIVE;
				GCC_WARN_UNUSED_FUNCTION = YES;
				GCC_WARN_UNUSED_VARIABLE = YES;
				INFOPLIST_FILE = DLPlayerExample/Info.plist;
				IPHONEOS_DEPLOYMENT_TARGET = 10.1;
				LD_RUNPATH_SEARCH_PATHS = "$(inherited) @executable_path/Frameworks";
				MTL_ENABLE_DEBUG_INFO = YES;
				ONLY_ACTIVE_ARCH = YES;
				PRODUCT_BUNDLE_IDENTIFIER = famulei.DLPlayerExample;
				PRODUCT_NAME = "$(TARGET_NAME)";
				SDKROOT = iphoneos;
			};
			name = Debug;
		};
		8549E8191E011BCB009789B8 /* Release */ = {
			isa = XCBuildConfiguration;
			buildSettings = {
				ALWAYS_SEARCH_USER_PATHS = NO;
				ASSETCATALOG_COMPILER_APPICON_NAME = AppIcon;
				CLANG_ANALYZER_NONNULL = YES;
				CLANG_CXX_LANGUAGE_STANDARD = "gnu++0x";
				CLANG_CXX_LIBRARY = "libc++";
				CLANG_ENABLE_MODULES = YES;
				CLANG_ENABLE_OBJC_ARC = YES;
				CLANG_WARN_BOOL_CONVERSION = YES;
				CLANG_WARN_CONSTANT_CONVERSION = YES;
				CLANG_WARN_DIRECT_OBJC_ISA_USAGE = YES_ERROR;
				CLANG_WARN_DOCUMENTATION_COMMENTS = YES;
				CLANG_WARN_EMPTY_BODY = YES;
				CLANG_WARN_ENUM_CONVERSION = YES;
				CLANG_WARN_INFINITE_RECURSION = YES;
				CLANG_WARN_INT_CONVERSION = YES;
				CLANG_WARN_OBJC_ROOT_CLASS = YES_ERROR;
				CLANG_WARN_SUSPICIOUS_MOVES = YES;
				CLANG_WARN_UNREACHABLE_CODE = YES;
				CLANG_WARN__DUPLICATE_METHOD_MATCH = YES;
				"CODE_SIGN_IDENTITY[sdk=iphoneos*]" = "iPhone Developer";
				COPY_PHASE_STRIP = NO;
				DEBUG_INFORMATION_FORMAT = "dwarf-with-dsym";
				ENABLE_NS_ASSERTIONS = NO;
				ENABLE_STRICT_OBJC_MSGSEND = YES;
				GCC_C_LANGUAGE_STANDARD = gnu99;
				GCC_NO_COMMON_BLOCKS = YES;
				GCC_WARN_64_TO_32_BIT_CONVERSION = YES;
				GCC_WARN_ABOUT_RETURN_TYPE = YES_ERROR;
				GCC_WARN_UNDECLARED_SELECTOR = YES;
				GCC_WARN_UNINITIALIZED_AUTOS = YES_AGGRESSIVE;
				GCC_WARN_UNUSED_FUNCTION = YES;
				GCC_WARN_UNUSED_VARIABLE = YES;
				INFOPLIST_FILE = DLPlayerExample/Info.plist;
				IPHONEOS_DEPLOYMENT_TARGET = 10.1;
				LD_RUNPATH_SEARCH_PATHS = "$(inherited) @executable_path/Frameworks";
				MTL_ENABLE_DEBUG_INFO = NO;
				PRODUCT_BUNDLE_IDENTIFIER = famulei.DLPlayerExample;
				PRODUCT_NAME = "$(TARGET_NAME)";
				SDKROOT = iphoneos;
				VALIDATE_PRODUCT = YES;
			};
			name = Release;
		};
/* End XCBuildConfiguration section */

/* Begin XCConfigurationList section */
		8549E7D71E011B63009789B8 /* Build configuration list for PBXProject "DLPlayer" */ = {
			isa = XCConfigurationList;
			buildConfigurations = (
				8549E7D81E011B63009789B8 /* Debug */,
				8549E7D91E011B63009789B8 /* Release */,
			);
			defaultConfigurationIsVisible = 0;
			defaultConfigurationName = Release;
		};
		8549E8171E011BCB009789B8 /* Build configuration list for PBXNativeTarget "DLPlayerExample" */ = {
			isa = XCConfigurationList;
			buildConfigurations = (
				8549E8181E011BCB009789B8 /* Debug */,
				8549E8191E011BCB009789B8 /* Release */,
			);
			defaultConfigurationIsVisible = 0;
		};
/* End XCConfigurationList section */
	};
	rootObject = 8549E7D41E011B63009789B8 /* Project object */;
}
